
Microsoft Visual Studio Solution File, Format Version 12.00
# Visual Studio Version 16
VisualStudioVersion = 16.0.31911.196
MinimumVisualStudioVersion = 10.0.40219.1
Project("{FAE04EC0-301F-11D3-BF4B-00C04F79EFBC}") = "CredencialesConBaseExcel", "CredencialesConBaseExcel\CredencialesConBaseExcel.csproj", "{F9872AC3-1803-4715-80C6-69EF66E3AB7A}"
EndProject
Global
	GlobalSection(SolutionConfigurationPlatforms) = preSolution
		Debug|Any CPU = Debug|Any CPU
		Release|Any CPU = Release|Any CPU
	EndGlobalSection
	GlobalSection(ProjectConfigurationPlatforms) = postSolution
		{F9872AC3-1803-4715-80C6-69EF66E3AB7A}.Debug|Any CPU.ActiveCfg = Debug|Any CPU
		{F9872AC3-1803-4715-80C6-69EF66E3AB7A}.Debug|Any CPU.Build.0 = Debug|Any CPU
		{F9872AC3-1803-4715-80C6-69EF66E3AB7A}.Release|Any CPU.ActiveCfg = Release|Any CPU
		{F9872AC3-1803-4715-80C6-69EF66E3AB7A}.Release|Any CPU.Build.0 = Release|Any CPU
	EndGlobalSection
	GlobalSection(SolutionProperties) = preSolution
		HideSolutionNode = FALSE
	EndGlobalSection
	GlobalSection(ExtensibilityGlobals) = postSolution
		SolutionGuid = {A50B29C7-2BEF-4ADF-9337-6136146BBB1C}
	EndGlobalSection
EndGlobal
